PODS:
  - AFNetworking (3.1.0):
    - AFNetworking/NSURLSession (= 3.1.0)
    - AFNetworking/Reachability (= 3.1.0)
    - AFNetworking/Security (= 3.1.0)
    - AFNetworking/Serialization (= 3.1.0)
    - AFNetworking/UIKit (= 3.1.0)
  - AFNetworking/NSURLSession (3.1.0):
    - AFNetworking/Reachability
    - AFNetworking/Security
    - AFNetworking/Serialization
  - AFNetworking/Reachability (3.1.0)
  - AFNetworking/Security (3.1.0)
  - AFNetworking/Serialization (3.1.0)
  - FreeStreamer (3.5.7):
    - Reachability (~> 3.0)
  - Reachability (3.2)
  - RXPromise (1.0.3)

DEPENDENCIES:
  - AFNetworking (~> 3.0)
  - FreeStreamer
  - RXPromise

SPEC CHECKSUMS:
  AFNetworking: 5e0e199f73d8626b11e79750991f5d173d1f8b67
  FreeStreamer: c11b83e4e4010c00d1e1549a37d6719e98252c45
  Reachability: 33e18b67625424e47b6cde6d202dce689ad7af96
  RXPromise: 2cd975d9b0794ef6a29d7dd688b220820f461368

COCOAPODS: 0.39.0
