// !$*UTF8*$!
{
	archiveVersion = 1;
	classes = {
	};
	objectVersion = 46;
	objects = {

/* Begin PBXBuildFile section */
		27674881BFBDCD5D08FCF3E1 /* libPods-CassetteTest.a in Frameworks */ = {isa = PBXBuildFile; fileRef = 26AD5DB2061D324CFB7493AD /* libPods-CassetteTest.a */; };
		BA7B93D19B373E8679D66742 /* libPods-Cassette.a in Frameworks */ = {isa = PBXBuildFile; fileRef = FAFF93B1418196C1B74088C3 /* libPods-Cassette.a */; };
		DC0564981CD0156700C19BFF /* CSTUsersController.m in Sources */ = {isa = PBXBuildFile; fileRef = DC0564971CD0156700C19BFF /* CSTUsersController.m */; };
		DC05649C1CD018B000C19BFF /* CSTUser.m in Sources */ = {isa = PBXBuildFile; fileRef = DC05649B1CD018B000C19BFF /* CSTUser.m */; };
		DC0564A01CD01ECC00C19BFF /* CSTCollection.m in Sources */ = {isa = PBXBuildFile; fileRef = DC05649F1CD01ECC00C19BFF /* CSTCollection.m */; };
		DC0615271CC97FA300FF9D0B /* NSObject+DavidJSON.m in Sources */ = {isa = PBXBuildFile; fileRef = DC0615261CC97FA300FF9D0B /* NSObject+DavidJSON.m */; };
		DC06152B1CC9801400FF9D0B /* Shuttle.m in Sources */ = {isa = PBXBuildFile; fileRef = DC06152A1CC9801400FF9D0B /* Shuttle.m */; };
		DC142E041CD139310026FDE2 /* CSTCollectionsController.m in Sources */ = {isa = PBXBuildFile; fileRef = DC142E031CD139310026FDE2 /* CSTCollectionsController.m */; };
		DC147E9E1CC97E3900AE1CFE /* AppDelegate.m in Sources */ = {isa = PBXBuildFile; fileRef = DC147E9D1CC97E3900AE1CFE /* AppDelegate.m */; };
		DC147EA11CC97E3900AE1CFE /* main.m in Sources */ = {isa = PBXBuildFile; fileRef = DC147EA01CC97E3900AE1CFE /* main.m */; };
		DC147EA41CC97E3900AE1CFE /* ViewController.m in Sources */ = {isa = PBXBuildFile; fileRef = DC147EA31CC97E3900AE1CFE /* ViewController.m */; };
		DC147EA61CC97E3900AE1CFE /* Assets.xcassets in Resources */ = {isa = PBXBuildFile; fileRef = DC147EA51CC97E3900AE1CFE /* Assets.xcassets */; };
		DC147EA91CC97E3900AE1CFE /* Main.storyboard in Resources */ = {isa = PBXBuildFile; fileRef = DC147EA71CC97E3900AE1CFE /* Main.storyboard */; };
		DC2958FA1CFF77570014C839 /* CSTSearchingController.m in Sources */ = {isa = PBXBuildFile; fileRef = DC2958F91CFF77570014C839 /* CSTSearchingController.m */; };
		DC57A23F1CCD325C0012718A /* CSTSearchSetup.m in Sources */ = {isa = PBXBuildFile; fileRef = DC57A23E1CCD325C0012718A /* CSTSearchSetup.m */; };
		DC8730B51D135742001A0A10 /* libPods-Cassette.a in Frameworks */ = {isa = PBXBuildFile; fileRef = FAFF93B1418196C1B74088C3 /* libPods-Cassette.a */; };
		DC8730B71D13574A001A0A10 /* AVFoundation.framework in Frameworks */ = {isa = PBXBuildFile; fileRef = DC8730B61D135749001A0A10 /* AVFoundation.framework */; };
		DC8730B91D13577E001A0A10 /* libAFNetworking.a in Frameworks */ = {isa = PBXBuildFile; fileRef = DC8730B81D13577E001A0A10 /* libAFNetworking.a */; };
		DC8730BA1D1358A1001A0A10 /* AppDelegate.h in Sources */ = {isa = PBXBuildFile; fileRef = DC147E9C1CC97E3900AE1CFE /* AppDelegate.h */; };
		DC8730BB1D1358A2001A0A10 /* AppDelegate.m in Sources */ = {isa = PBXBuildFile; fileRef = DC147E9D1CC97E3900AE1CFE /* AppDelegate.m */; };
		DC8730BC1D1358A2001A0A10 /* ViewController.h in Sources */ = {isa = PBXBuildFile; fileRef = DC147EA21CC97E3900AE1CFE /* ViewController.h */; };
		DC8730BD1D1358A2001A0A10 /* ViewController.m in Sources */ = {isa = PBXBuildFile; fileRef = DC147EA31CC97E3900AE1CFE /* ViewController.m */; };
		DC8730BE1D1358A2001A0A10 /* CSTParentController.h in Sources */ = {isa = PBXBuildFile; fileRef = DCBAA4A01CCCF4A0008B1550 /* CSTParentController.h */; };
		DC8730BF1D1358A2001A0A10 /* CSTParentController.m in Sources */ = {isa = PBXBuildFile; fileRef = DCBAA4A11CCCF4A0008B1550 /* CSTParentController.m */; };
		DC8730C01D1358A2001A0A10 /* CSTSearchingController.h in Sources */ = {isa = PBXBuildFile; fileRef = DC2958F81CFF77570014C839 /* CSTSearchingController.h */; };
		DC8730C11D1358A2001A0A10 /* CSTSearchingController.m in Sources */ = {isa = PBXBuildFile; fileRef = DC2958F91CFF77570014C839 /* CSTSearchingController.m */; };
		DC8730C21D1358A2001A0A10 /* CSTCollectionsController.h in Sources */ = {isa = PBXBuildFile; fileRef = DC142E021CD139310026FDE2 /* CSTCollectionsController.h */; };
		DC8730C31D1358A2001A0A10 /* CSTCollectionsController.m in Sources */ = {isa = PBXBuildFile; fileRef = DC142E031CD139310026FDE2 /* CSTCollectionsController.m */; };
		DC8730C41D1358A2001A0A10 /* CSTUsersController.h in Sources */ = {isa = PBXBuildFile; fileRef = DC0564961CD0156700C19BFF /* CSTUsersController.h */; };
		DC8730C51D1358A2001A0A10 /* CSTUsersController.m in Sources */ = {isa = PBXBuildFile; fileRef = DC0564971CD0156700C19BFF /* CSTUsersController.m */; };
		DC8730C61D1358A2001A0A10 /* CSTMixPlayer.h in Sources */ = {isa = PBXBuildFile; fileRef = DCBAA4B61CCD081B008B1550 /* CSTMixPlayer.h */; };
		DC8730C71D1358A2001A0A10 /* CSTMixPlayer.m in Sources */ = {isa = PBXBuildFile; fileRef = DCBAA4B71CCD081B008B1550 /* CSTMixPlayer.m */; };
		DC8730C81D1358A2001A0A10 /* CSTMixController.h in Sources */ = {isa = PBXBuildFile; fileRef = DCBAA4AB1CCD0316008B1550 /* CSTMixController.h */; };
		DC8730C91D1358A2001A0A10 /* CSTMixController.m in Sources */ = {isa = PBXBuildFile; fileRef = DCBAA4AC1CCD0316008B1550 /* CSTMixController.m */; };
		DC8730CA1D1358A2001A0A10 /* CSTTagsExplorerController.h in Sources */ = {isa = PBXBuildFile; fileRef = DCD8AB1D1CCEBCFB000B0A40 /* CSTTagsExplorerController.h */; };
		DC8730CB1D1358A2001A0A10 /* CSTTagsExplorerController.m in Sources */ = {isa = PBXBuildFile; fileRef = DCD8AB1E1CCEBCFB000B0A40 /* CSTTagsExplorerController.m */; };
		DC8730CC1D1358A2001A0A10 /* CSTMixExplorerController.h in Sources */ = {isa = PBXBuildFile; fileRef = DCBAA4A61CCCF607008B1550 /* CSTMixExplorerController.h */; };
		DC8730CD1D1358A2001A0A10 /* CSTMixExplorerController.m in Sources */ = {isa = PBXBuildFile; fileRef = DCBAA4A71CCCF607008B1550 /* CSTMixExplorerController.m */; };
		DC8730CE1D1358A2001A0A10 /* CSTParentModel.h in Sources */ = {isa = PBXBuildFile; fileRef = DCE539031D13162B0099281E /* CSTParentModel.h */; };
		DC8730CF1D1358A2001A0A10 /* CSTParentModel.m in Sources */ = {isa = PBXBuildFile; fileRef = DCE539041D13162B0099281E /* CSTParentModel.m */; };
		DC8730D01D1358A2001A0A10 /* CSTCollection.h in Sources */ = {isa = PBXBuildFile; fileRef = DC05649E1CD01ECC00C19BFF /* CSTCollection.h */; };
		DC8730D11D1358A2001A0A10 /* CSTCollection.m in Sources */ = {isa = PBXBuildFile; fileRef = DC05649F1CD01ECC00C19BFF /* CSTCollection.m */; };
		DC8730D21D1358A2001A0A10 /* CSTUser.h in Sources */ = {isa = PBXBuildFile; fileRef = DC05649A1CD018B000C19BFF /* CSTUser.h */; };
		DC8730D31D1358A2001A0A10 /* CSTUser.m in Sources */ = {isa = PBXBuildFile; fileRef = DC05649B1CD018B000C19BFF /* CSTUser.m */; };
		DC8730D41D1358A2001A0A10 /* CSTTag.h in Sources */ = {isa = PBXBuildFile; fileRef = DCD8AB211CCEBEC3000B0A40 /* CSTTag.h */; };
		DC8730D51D1358A2001A0A10 /* CSTTag.m in Sources */ = {isa = PBXBuildFile; fileRef = DCD8AB221CCEBEC3000B0A40 /* CSTTag.m */; };
		DC8730D61D1358A2001A0A10 /* CSTSearchSetup.h in Sources */ = {isa = PBXBuildFile; fileRef = DC57A23D1CCD325C0012718A /* CSTSearchSetup.h */; };
		DC8730D71D1358A2001A0A10 /* CSTSearchSetup.m in Sources */ = {isa = PBXBuildFile; fileRef = DC57A23E1CCD325C0012718A /* CSTSearchSetup.m */; };
		DC8730D81D1358A2001A0A10 /* CSTTrack.h in Sources */ = {isa = PBXBuildFile; fileRef = DCBAA4BC1CCD1527008B1550 /* CSTTrack.h */; };
		DC8730D91D1358A2001A0A10 /* CSTTrack.m in Sources */ = {isa = PBXBuildFile; fileRef = DCBAA4BD1CCD1527008B1550 /* CSTTrack.m */; };
		DC8730DA1D1358A2001A0A10 /* CSTBaseMix.h in Sources */ = {isa = PBXBuildFile; fileRef = DCBAA4911CCCE8B0008B1550 /* CSTBaseMix.h */; };
		DC8730DB1D1358A2001A0A10 /* CSTBaseMix.m in Sources */ = {isa = PBXBuildFile; fileRef = DCBAA4921CCCE8B0008B1550 /* CSTBaseMix.m */; };
		DC8730DC1D1358A2001A0A10 /* EightTracksAPI.h in Sources */ = {isa = PBXBuildFile; fileRef = DCBAA4961CCCE9D4008B1550 /* EightTracksAPI.h */; };
		DC8730DD1D1358A2001A0A10 /* EightTracksAPI.m in Sources */ = {isa = PBXBuildFile; fileRef = DCBAA4971CCCE9D4008B1550 /* EightTracksAPI.m */; };
		DC8730DE1D1358A2001A0A10 /* Shuttle.h in Sources */ = {isa = PBXBuildFile; fileRef = DC0615291CC9801400FF9D0B /* Shuttle.h */; };
		DC8730DF1D1358A2001A0A10 /* Shuttle.m in Sources */ = {isa = PBXBuildFile; fileRef = DC06152A1CC9801400FF9D0B /* Shuttle.m */; };
		DC8730E01D1358A2001A0A10 /* NSObject+DavidJSON.h in Sources */ = {isa = PBXBuildFile; fileRef = DC0615251CC97FA300FF9D0B /* NSObject+DavidJSON.h */; };
		DC8730E11D1358A2001A0A10 /* NSObject+DavidJSON.m in Sources */ = {isa = PBXBuildFile; fileRef = DC0615261CC97FA300FF9D0B /* NSObject+DavidJSON.m */; };
		DC8730E21D1358A2001A0A10 /* Assets.xcassets in Sources */ = {isa = PBXBuildFile; fileRef = DC147EA51CC97E3900AE1CFE /* Assets.xcassets */; };
		DC8730E31D1358A2001A0A10 /* Info.plist in Sources */ = {isa = PBXBuildFile; fileRef = DC147EAA1CC97E3900AE1CFE /* Info.plist */; };
		DC8730E41D1358A2001A0A10 /* main.m in Sources */ = {isa = PBXBuildFile; fileRef = DC147EA01CC97E3900AE1CFE /* main.m */; };
		DC8730E51D1358A2001A0A10 /* Info.plist in Sources */ = {isa = PBXBuildFile; fileRef = DC8730AF1D13552E001A0A10 /* Info.plist */; };
		DC8730E61D1358A2001A0A10 /* Cassette.app in Sources */ = {isa = PBXBuildFile; fileRef = DC147E991CC97E3900AE1CFE /* Cassette.app */; };
		DC8730E71D1358A2001A0A10 /* CassetteTest.xctest in Sources */ = {isa = PBXBuildFile; fileRef = DC8730AB1D13552D001A0A10 /* CassetteTest.xctest */; };
		DC8730E81D1358A2001A0A10 /* Pods-Cassette.debug.xcconfig in Sources */ = {isa = PBXBuildFile; fileRef = 7CC9916039D46A7BDCA303BF /* Pods-Cassette.debug.xcconfig */; };
		DC8730E91D1358A2001A0A10 /* Pods-Cassette.release.xcconfig in Sources */ = {isa = PBXBuildFile; fileRef = B9388F6F32EEDC0C8199B1B3 /* Pods-Cassette.release.xcconfig */; };
		DC8730EA1D1358A2001A0A10 /* libAFNetworking.a in Sources */ = {isa = PBXBuildFile; fileRef = DC8730B81D13577E001A0A10 /* libAFNetworking.a */; };
		DC8730EB1D1358A2001A0A10 /* AVFoundation.framework in Sources */ = {isa = PBXBuildFile; fileRef = DC8730B61D135749001A0A10 /* AVFoundation.framework */; };
		DC8730EC1D1358A2001A0A10 /* AVFoundation.framework in Sources */ = {isa = PBXBuildFile; fileRef = DCBAA4B91CCD0CFB008B1550 /* AVFoundation.framework */; };
		DC8730ED1D1358A2001A0A10 /* libPods-Cassette.a in Sources */ = {isa = PBXBuildFile; fileRef = FAFF93B1418196C1B74088C3 /* libPods-Cassette.a */; };
		DC8730F11D13594C001A0A10 /* ViewControllerTest.m in Sources */ = {isa = PBXBuildFile; fileRef = DC8730F01D13594C001A0A10 /* ViewControllerTest.m */; };
		DCBAA4931CCCE8B0008B1550 /* CSTBaseMix.m in Sources */ = {isa = PBXBuildFile; fileRef = DCBAA4921CCCE8B0008B1550 /* CSTBaseMix.m */; };
		DCBAA4981CCCE9D4008B1550 /* EightTracksAPI.m in Sources */ = {isa = PBXBuildFile; fileRef = DCBAA4971CCCE9D4008B1550 /* EightTracksAPI.m */; };
		DCBAA4A21CCCF4A0008B1550 /* CSTParentController.m in Sources */ = {isa = PBXBuildFile; fileRef = DCBAA4A11CCCF4A0008B1550 /* CSTParentController.m */; };
		DCBAA4A81CCCF607008B1550 /* CSTMixExplorerController.m in Sources */ = {isa = PBXBuildFile; fileRef = DCBAA4A71CCCF607008B1550 /* CSTMixExplorerController.m */; };
		DCBAA4AD1CCD0316008B1550 /* CSTMixController.m in Sources */ = {isa = PBXBuildFile; fileRef = DCBAA4AC1CCD0316008B1550 /* CSTMixController.m */; };
		DCBAA4B81CCD081B008B1550 /* CSTMixPlayer.m in Sources */ = {isa = PBXBuildFile; fileRef = DCBAA4B71CCD081B008B1550 /* CSTMixPlayer.m */; };
		DCBAA4BA1CCD0CFB008B1550 /* AVFoundation.framework in Frameworks */ = {isa = PBXBuildFile; fileRef = DCBAA4B91CCD0CFB008B1550 /* AVFoundation.framework */; };
		DCBAA4BE1CCD1527008B1550 /* CSTTrack.m in Sources */ = {isa = PBXBuildFile; fileRef = DCBAA4BD1CCD1527008B1550 /* CSTTrack.m */; };
		DCCBEF161D1B158B00091702 /* MixExplorerControllerTest.m in Sources */ = {isa = PBXBuildFile; fileRef = DCCBEF151D1B158B00091702 /* MixExplorerControllerTest.m */; };
		DCD70DD81D19EDE200D0F069 /* MixesControllerTest.m in Sources */ = {isa = PBXBuildFile; fileRef = DCD70DD71D19EDE200D0F069 /* MixesControllerTest.m */; };
		DCD8AB1F1CCEBCFB000B0A40 /* CSTTagsExplorerController.m in Sources */ = {isa = PBXBuildFile; fileRef = DCD8AB1E1CCEBCFB000B0A40 /* CSTTagsExplorerController.m */; };
		DCD8AB231CCEBEC3000B0A40 /* CSTTag.m in Sources */ = {isa = PBXBuildFile; fileRef = DCD8AB221CCEBEC3000B0A40 /* CSTTag.m */; };
		DCE539051D13162B0099281E /* CSTParentModel.m in Sources */ = {isa = PBXBuildFile; fileRef = DCE539041D13162B0099281E /* CSTParentModel.m */; };
		DCF4B47E1D1C8224006E2B58 /* TagsExplorerControllerTest.m in Sources */ = {isa = PBXBuildFile; fileRef = DCF4B47D1D1C8224006E2B58 /* TagsExplorerControllerTest.m */; };
		DCF4B4801D1C88FF006E2B58 /* UserInteractionControllerTest.m in Sources */ = {isa = PBXBuildFile; fileRef = DCF4B47F1D1C88FF006E2B58 /* UserInteractionControllerTest.m */; };
/* End PBXBuildFile section */

/* Begin PBXContainerItemProxy section */
		DC8730B31D135533001A0A10 /* PBXContainerItemProxy */ = {
			isa = PBXContainerItemProxy;
			containerPortal = DC147E911CC97E3900AE1CFE /* Project object */;
			proxyType = 1;
			remoteGlobalIDString = DC147E981CC97E3900AE1CFE;
			remoteInfo = Cassette;
		};
/* End PBXContainerItemProxy section */

/* Begin PBXFileReference section */
		26AD5DB2061D324CFB7493AD /* libPods-CassetteTest.a */ = {isa = PBXFileReference; explicitFileType = archive.ar; includeInIndex = 0; path = "libPods-CassetteTest.a"; sourceTree = BUILT_PRODUCTS_DIR; };
		7CC9916039D46A7BDCA303BF /* Pods-Cassette.debug.xcconfig */ = {isa = PBXFileReference; includeInIndex = 1; lastKnownFileType = text.xcconfig; name = "Pods-Cassette.debug.xcconfig"; path = "Pods/Target Support Files/Pods-Cassette/Pods-Cassette.debug.xcconfig"; sourceTree = "<group>"; };
		B9388F6F32EEDC0C8199B1B3 /* Pods-Cassette.release.xcconfig */ = {isa = PBXFileReference; includeInIndex = 1; lastKnownFileType = text.xcconfig; name = "Pods-Cassette.release.xcconfig"; path = "Pods/Target Support Files/Pods-Cassette/Pods-Cassette.release.xcconfig"; sourceTree = "<group>"; };
		DC0564961CD0156700C19BFF /* CSTUsersController.h */ = {isa = PBXFileReference; fileEncoding = 4; lastKnownFileType = sourcecode.c.h; name = CSTUsersController.h; path = Controllers/Users/CSTUsersController.h; sourceTree = "<group>"; };
		DC0564971CD0156700C19BFF /* CSTUsersController.m */ = {isa = PBXFileReference; fileEncoding = 4; lastKnownFileType = sourcecode.c.objc; name = CSTUsersController.m; path = Controllers/Users/CSTUsersController.m; sourceTree = "<group>"; };
		DC05649A1CD018B000C19BFF /* CSTUser.h */ = {isa = PBXFileReference; fileEncoding = 4; lastKnownFileType = sourcecode.c.h; name = CSTUser.h; path = Models/Users/CSTUser.h; sourceTree = "<group>"; };
		DC05649B1CD018B000C19BFF /* CSTUser.m */ = {isa = PBXFileReference; fileEncoding = 4; lastKnownFileType = sourcecode.c.objc; name = CSTUser.m; path = Models/Users/CSTUser.m; sourceTree = "<group>"; };
		DC05649E1CD01ECC00C19BFF /* CSTCollection.h */ = {isa = PBXFileReference; fileEncoding = 4; lastKnownFileType = sourcecode.c.h; name = CSTCollection.h; path = Models/Collection/CSTCollection.h; sourceTree = "<group>"; };
		DC05649F1CD01ECC00C19BFF /* CSTCollection.m */ = {isa = PBXFileReference; fileEncoding = 4; lastKnownFileType = sourcecode.c.objc; name = CSTCollection.m; path = Models/Collection/CSTCollection.m; sourceTree = "<group>"; };
		DC0615251CC97FA300FF9D0B /* NSObject+DavidJSON.h */ = {isa = PBXFileReference; fileEncoding = 4; lastKnownFileType = sourcecode.c.h; name = "NSObject+DavidJSON.h"; path = "Libs/DavidJSON/NSObject+DavidJSON.h"; sourceTree = "<group>"; };
		DC0615261CC97FA300FF9D0B /* NSObject+DavidJSON.m */ = {isa = PBXFileReference; fileEncoding = 4; lastKnownFileType = sourcecode.c.objc; name = "NSObject+DavidJSON.m"; path = "Libs/DavidJSON/NSObject+DavidJSON.m"; sourceTree = "<group>"; };
		DC0615291CC9801400FF9D0B /* Shuttle.h */ = {isa = PBXFileReference; fileEncoding = 4; lastKnownFileType = sourcecode.c.h; name = Shuttle.h; path = Libs/Shuttle/Shuttle.h; sourceTree = "<group>"; };
		DC06152A1CC9801400FF9D0B /* Shuttle.m */ = {isa = PBXFileReference; fileEncoding = 4; lastKnownFileType = sourcecode.c.objc; name = Shuttle.m; path = Libs/Shuttle/Shuttle.m; sourceTree = "<group>"; };
		DC142E021CD139310026FDE2 /* CSTCollectionsController.h */ = {isa = PBXFileReference; fileEncoding = 4; lastKnownFileType = sourcecode.c.h; name = CSTCollectionsController.h; path = Controllers/Collections/CSTCollectionsController.h; sourceTree = "<group>"; };
		DC142E031CD139310026FDE2 /* CSTCollectionsController.m */ = {isa = PBXFileReference; fileEncoding = 4; lastKnownFileType = sourcecode.c.objc; name = CSTCollectionsController.m; path = Controllers/Collections/CSTCollectionsController.m; sourceTree = "<group>"; };
		DC147E991CC97E3900AE1CFE /* Cassette.app */ = {isa = PBXFileReference; explicitFileType = wrapper.application; includeInIndex = 0; path = Cassette.app; sourceTree = BUILT_PRODUCTS_DIR; };
		DC147E9C1CC97E3900AE1CFE /* AppDelegate.h */ = {isa = PBXFileReference; lastKnownFileType = sourcecode.c.h; path = AppDelegate.h; sourceTree = "<group>"; };
		DC147E9D1CC97E3900AE1CFE /* AppDelegate.m */ = {isa = PBXFileReference; lastKnownFileType = sourcecode.c.objc; path = AppDelegate.m; sourceTree = "<group>"; };
		DC147EA01CC97E3900AE1CFE /* main.m */ = {isa = PBXFileReference; lastKnownFileType = sourcecode.c.objc; path = main.m; sourceTree = "<group>"; };
		DC147EA21CC97E3900AE1CFE /* ViewController.h */ = {isa = PBXFileReference; lastKnownFileType = sourcecode.c.h; path = ViewController.h; sourceTree = "<group>"; };
		DC147EA31CC97E3900AE1CFE /* ViewController.m */ = {isa = PBXFileReference; lastKnownFileType = sourcecode.c.objc; path = ViewController.m; sourceTree = "<group>"; };
		DC147EA51CC97E3900AE1CFE /* Assets.xcassets */ = {isa = PBXFileReference; lastKnownFileType = folder.assetcatalog; path = Assets.xcassets; sourceTree = "<group>"; };
		DC147EA81CC97E3900AE1CFE /* Base */ = {isa = PBXFileReference; lastKnownFileType = file.storyboard; name = Base; path = Base.lproj/Main.storyboard; sourceTree = "<group>"; };
		DC147EAA1CC97E3900AE1CFE /* Info.plist */ = {isa = PBXFileReference; lastKnownFileType = text.plist.xml; path = Info.plist; sourceTree = "<group>"; };
		DC2958F81CFF77570014C839 /* CSTSearchingController.h */ = {isa = PBXFileReference; fileEncoding = 4; lastKnownFileType = sourcecode.c.h; name = CSTSearchingController.h; path = Controllers/Searching/CSTSearchingController.h; sourceTree = "<group>"; };
		DC2958F91CFF77570014C839 /* CSTSearchingController.m */ = {isa = PBXFileReference; fileEncoding = 4; lastKnownFileType = sourcecode.c.objc; name = CSTSearchingController.m; path = Controllers/Searching/CSTSearchingController.m; sourceTree = "<group>"; };
		DC57A23D1CCD325C0012718A /* CSTSearchSetup.h */ = {isa = PBXFileReference; fileEncoding = 4; lastKnownFileType = sourcecode.c.h; name = CSTSearchSetup.h; path = Models/Searching/CSTSearchSetup.h; sourceTree = "<group>"; };
		DC57A23E1CCD325C0012718A /* CSTSearchSetup.m */ = {isa = PBXFileReference; fileEncoding = 4; lastKnownFileType = sourcecode.c.objc; name = CSTSearchSetup.m; path = Models/Searching/CSTSearchSetup.m; sourceTree = "<group>"; };
		DC8730AB1D13552D001A0A10 /* CassetteTest.xctest */ = {isa = PBXFileReference; explicitFileType = wrapper.cfbundle; includeInIndex = 0; path = CassetteTest.xctest; sourceTree = BUILT_PRODUCTS_DIR; };
		DC8730AF1D13552E001A0A10 /* Info.plist */ = {isa = PBXFileReference; lastKnownFileType = text.plist.xml; path = Info.plist; sourceTree = "<group>"; };
		DC8730B61D135749001A0A10 /* AVFoundation.framework */ = {isa = PBXFileReference; lastKnownFileType = wrapper.framework; name = AVFoundation.framework; path = Platforms/iPhoneOS.platform/Developer/SDKs/iPhoneOS9.2.sdk/System/Library/Frameworks/AVFoundation.framework; sourceTree = DEVELOPER_DIR; };
		DC8730B81D13577E001A0A10 /* libAFNetworking.a */ = {isa = PBXFileReference; lastKnownFileType = archive.ar; name = libAFNetworking.a; path = "../../Library/Developer/Xcode/DerivedData/Cassette-akyknjzsmxjklzcqqduufrlcecff/Build/Products/Debug/libAFNetworking.a"; sourceTree = "<group>"; };
		DC8730F01D13594C001A0A10 /* ViewControllerTest.m */ = {isa = PBXFileReference; fileEncoding = 4; lastKnownFileType = sourcecode.c.objc; path = ViewControllerTest.m; sourceTree = "<group>"; };
		DCBAA4911CCCE8B0008B1550 /* CSTBaseMix.h */ = {isa = PBXFileReference; fileEncoding = 4; lastKnownFileType = sourcecode.c.h; name = CSTBaseMix.h; path = "Models/Mixes/Base Mix/CSTBaseMix.h"; sourceTree = "<group>"; };
		DCBAA4921CCCE8B0008B1550 /* CSTBaseMix.m */ = {isa = PBXFileReference; fileEncoding = 4; lastKnownFileType = sourcecode.c.objc; name = CSTBaseMix.m; path = "Models/Mixes/Base Mix/CSTBaseMix.m"; sourceTree = "<group>"; };
		DCBAA4961CCCE9D4008B1550 /* EightTracksAPI.h */ = {isa = PBXFileReference; fileEncoding = 4; lastKnownFileType = sourcecode.c.h; name = EightTracksAPI.h; path = "Libs/8tracks API/EightTracksAPI.h"; sourceTree = "<group>"; };
		DCBAA4971CCCE9D4008B1550 /* EightTracksAPI.m */ = {isa = PBXFileReference; fileEncoding = 4; lastKnownFileType = sourcecode.c.objc; name = EightTracksAPI.m; path = "Libs/8tracks API/EightTracksAPI.m"; sourceTree = "<group>"; };
		DCBAA4A01CCCF4A0008B1550 /* CSTParentController.h */ = {isa = PBXFileReference; fileEncoding = 4; lastKnownFileType = sourcecode.c.h; name = CSTParentController.h; path = "Controllers/Parent Controller/CSTParentController.h"; sourceTree = "<group>"; };
		DCBAA4A11CCCF4A0008B1550 /* CSTParentController.m */ = {isa = PBXFileReference; fileEncoding = 4; lastKnownFileType = sourcecode.c.objc; name = CSTParentController.m; path = "Controllers/Parent Controller/CSTParentController.m"; sourceTree = "<group>"; };
		DCBAA4A61CCCF607008B1550 /* CSTMixExplorerController.h */ = {isa = PBXFileReference; fileEncoding = 4; lastKnownFileType = sourcecode.c.h; name = CSTMixExplorerController.h; path = "Controllers/Mixes/Mix Explorer/CSTMixExplorerController.h"; sourceTree = "<group>"; };
		DCBAA4A71CCCF607008B1550 /* CSTMixExplorerController.m */ = {isa = PBXFileReference; fileEncoding = 4; lastKnownFileType = sourcecode.c.objc; name = CSTMixExplorerController.m; path = "Controllers/Mixes/Mix Explorer/CSTMixExplorerController.m"; sourceTree = "<group>"; };
		DCBAA4AB1CCD0316008B1550 /* CSTMixController.h */ = {isa = PBXFileReference; fileEncoding = 4; lastKnownFileType = sourcecode.c.h; name = CSTMixController.h; path = Controllers/Mixes/CSTMixController.h; sourceTree = "<group>"; };
		DCBAA4AC1CCD0316008B1550 /* CSTMixController.m */ = {isa = PBXFileReference; fileEncoding = 4; lastKnownFileType = sourcecode.c.objc; name = CSTMixController.m; path = Controllers/Mixes/CSTMixController.m; sourceTree = "<group>"; };
		DCBAA4B61CCD081B008B1550 /* CSTMixPlayer.h */ = {isa = PBXFileReference; fileEncoding = 4; lastKnownFileType = sourcecode.c.h; name = CSTMixPlayer.h; path = "Controllers/Mix Player/CSTMixPlayer.h"; sourceTree = "<group>"; };
		DCBAA4B71CCD081B008B1550 /* CSTMixPlayer.m */ = {isa = PBXFileReference; fileEncoding = 4; lastKnownFileType = sourcecode.c.objc; name = CSTMixPlayer.m; path = "Controllers/Mix Player/CSTMixPlayer.m"; sourceTree = "<group>"; };
		DCBAA4B91CCD0CFB008B1550 /* AVFoundation.framework */ = {isa = PBXFileReference; lastKnownFileType = wrapper.framework; name = AVFoundation.framework; path = System/Library/Frameworks/AVFoundation.framework; sourceTree = SDKROOT; };
		DCBAA4BC1CCD1527008B1550 /* CSTTrack.h */ = {isa = PBXFileReference; fileEncoding = 4; lastKnownFileType = sourcecode.c.h; name = CSTTrack.h; path = Models/Tracks/CSTTrack.h; sourceTree = "<group>"; };
		DCBAA4BD1CCD1527008B1550 /* CSTTrack.m */ = {isa = PBXFileReference; fileEncoding = 4; lastKnownFileType = sourcecode.c.objc; name = CSTTrack.m; path = Models/Tracks/CSTTrack.m; sourceTree = "<group>"; };
		DCCBEF151D1B158B00091702 /* MixExplorerControllerTest.m */ = {isa = PBXFileReference; fileEncoding = 4; lastKnownFileType = sourcecode.c.objc; path = MixExplorerControllerTest.m; sourceTree = "<group>"; };
		DCD70DD71D19EDE200D0F069 /* MixesControllerTest.m */ = {isa = PBXFileReference; fileEncoding = 4; lastKnownFileType = sourcecode.c.objc; path = MixesControllerTest.m; sourceTree = "<group>"; };
		DCD8AB1D1CCEBCFB000B0A40 /* CSTTagsExplorerController.h */ = {isa = PBXFileReference; fileEncoding = 4; lastKnownFileType = sourcecode.c.h; name = CSTTagsExplorerController.h; path = "Controllers/Mixes/Tag Explorer/CSTTagsExplorerController.h"; sourceTree = "<group>"; };
		DCD8AB1E1CCEBCFB000B0A40 /* CSTTagsExplorerController.m */ = {isa = PBXFileReference; fileEncoding = 4; lastKnownFileType = sourcecode.c.objc; name = CSTTagsExplorerController.m; path = "Controllers/Mixes/Tag Explorer/CSTTagsExplorerController.m"; sourceTree = "<group>"; };
		DCD8AB211CCEBEC3000B0A40 /* CSTTag.h */ = {isa = PBXFileReference; fileEncoding = 4; lastKnownFileType = sourcecode.c.h; name = CSTTag.h; path = Models/Tags/CSTTag.h; sourceTree = "<group>"; };
		DCD8AB221CCEBEC3000B0A40 /* CSTTag.m */ = {isa = PBXFileReference; fileEncoding = 4; lastKnownFileType = sourcecode.c.objc; name = CSTTag.m; path = Models/Tags/CSTTag.m; sourceTree = "<group>"; };
		DCE539031D13162B0099281E /* CSTParentModel.h */ = {isa = PBXFileReference; fileEncoding = 4; lastKnownFileType = sourcecode.c.h; name = CSTParentModel.h; path = "Models/Parent Model/CSTParentModel.h"; sourceTree = "<group>"; };
		DCE539041D13162B0099281E /* CSTParentModel.m */ = {isa = PBXFileReference; fileEncoding = 4; lastKnownFileType = sourcecode.c.objc; name = CSTParentModel.m; path = "Models/Parent Model/CSTParentModel.m"; sourceTree = "<group>"; };
		DCF4B47D1D1C8224006E2B58 /* TagsExplorerControllerTest.m */ = {isa = PBXFileReference; fileEncoding = 4; lastKnownFileType = sourcecode.c.objc; path = TagsExplorerControllerTest.m; sourceTree = "<group>"; };
		DCF4B47F1D1C88FF006E2B58 /* UserInteractionControllerTest.m */ = {isa = PBXFileReference; fileEncoding = 4; lastKnownFileType = sourcecode.c.objc; path = UserInteractionControllerTest.m; sourceTree = "<group>"; };
		FAFF93B1418196C1B74088C3 /* libPods-Cassette.a */ = {isa = PBXFileReference; explicitFileType = archive.ar; includeInIndex = 0; path = "libPods-Cassette.a"; sourceTree = BUILT_PRODUCTS_DIR; };
/* End PBXFileReference section */

/* Begin PBXFrameworksBuildPhase section */
		DC147E961CC97E3900AE1CFE /* Frameworks */ = {
			isa = PBXFrameworksBuildPhase;
			buildActionMask = 2147483647;
			files = (
				DCBAA4BA1CCD0CFB008B1550 /* AVFoundation.framework in Frameworks */,
				BA7B93D19B373E8679D66742 /* libPods-Cassette.a in Frameworks */,
			);
			runOnlyForDeploymentPostprocessing = 0;
		};
		DC8730A81D13552D001A0A10 /* Frameworks */ = {
			isa = PBXFrameworksBuildPhase;
			buildActionMask = 2147483647;
			files = (
				DC8730B91D13577E001A0A10 /* libAFNetworking.a in Frameworks */,
				DC8730B71D13574A001A0A10 /* AVFoundation.framework in Frameworks */,
				DC8730B51D135742001A0A10 /* libPods-Cassette.a in Frameworks */,
				27674881BFBDCD5D08FCF3E1 /* libPods-CassetteTest.a in Frameworks */,
			);
			runOnlyForDeploymentPostprocessing = 0;
		};
/* End PBXFrameworksBuildPhase section */

/* Begin PBXGroup section */
		5E47156530D2D225C2C758AC /* Pods */ = {
			isa = PBXGroup;
			children = (
				7CC9916039D46A7BDCA303BF /* Pods-Cassette.debug.xcconfig */,
				B9388F6F32EEDC0C8199B1B3 /* Pods-Cassette.release.xcconfig */,
			);
			name = Pods;
			sourceTree = "<group>";
		};
		DC0564921CD000B000C19BFF /* Users */ = {
			isa = PBXGroup;
			children = (
				DC0564961CD0156700C19BFF /* CSTUsersController.h */,
				DC0564971CD0156700C19BFF /* CSTUsersController.m */,
			);
			name = Users;
			sourceTree = "<group>";
		};
		DC0564991CD0189E00C19BFF /* Users */ = {
			isa = PBXGroup;
			children = (
				DC05649A1CD018B000C19BFF /* CSTUser.h */,
				DC05649B1CD018B000C19BFF /* CSTUser.m */,
			);
			name = Users;
			sourceTree = "<group>";
		};
		DC05649D1CD01EB300C19BFF /* Collections */ = {
			isa = PBXGroup;
			children = (
				DC05649E1CD01ECC00C19BFF /* CSTCollection.h */,
				DC05649F1CD01ECC00C19BFF /* CSTCollection.m */,
			);
			name = Collections;
			sourceTree = "<group>";
		};
		DC06151F1CC97F8100FF9D0B /* Libs */ = {
			isa = PBXGroup;
			children = (
				DCBAA4951CCCE989008B1550 /* 8tracks API */,
				DC0615281CC97FF300FF9D0B /* Shuttle */,
				DC0615221CC97F9100FF9D0B /* DavidJSON */,
			);
			name = Libs;
			sourceTree = "<group>";
		};
		DC0615221CC97F9100FF9D0B /* DavidJSON */ = {
			isa = PBXGroup;
			children = (
				DC0615251CC97FA300FF9D0B /* NSObject+DavidJSON.h */,
				DC0615261CC97FA300FF9D0B /* NSObject+DavidJSON.m */,
			);
			name = DavidJSON;
			sourceTree = "<group>";
		};
		DC0615281CC97FF300FF9D0B /* Shuttle */ = {
			isa = PBXGroup;
			children = (
				DC0615291CC9801400FF9D0B /* Shuttle.h */,
				DC06152A1CC9801400FF9D0B /* Shuttle.m */,
			);
			name = Shuttle;
			sourceTree = "<group>";
		};
		DC142E011CD139150026FDE2 /* Collections */ = {
			isa = PBXGroup;
			children = (
				DC142E021CD139310026FDE2 /* CSTCollectionsController.h */,
				DC142E031CD139310026FDE2 /* CSTCollectionsController.m */,
			);
			name = Collections;
			sourceTree = "<group>";
		};
		DC147E901CC97E3900AE1CFE = {
			isa = PBXGroup;
			children = (
				DC147E9B1CC97E3900AE1CFE /* Cassette */,
				DC8730AC1D13552E001A0A10 /* CassetteTest */,
				DC147E9A1CC97E3900AE1CFE /* Products */,
				5E47156530D2D225C2C758AC /* Pods */,
				E20E66496E40BAA04CF01588 /* Frameworks */,
			);
			sourceTree = "<group>";
		};
		DC147E9A1CC97E3900AE1CFE /* Products */ = {
			isa = PBXGroup;
			children = (
				DC147E991CC97E3900AE1CFE /* Cassette.app */,
				DC8730AB1D13552D001A0A10 /* CassetteTest.xctest */,
			);
			name = Products;
			sourceTree = "<group>";
		};
		DC147E9B1CC97E3900AE1CFE /* Cassette */ = {
			isa = PBXGroup;
			children = (
				DC147E9C1CC97E3900AE1CFE /* AppDelegate.h */,
				DC147E9D1CC97E3900AE1CFE /* AppDelegate.m */,
				DC147EA21CC97E3900AE1CFE /* ViewController.h */,
				DC147EA31CC97E3900AE1CFE /* ViewController.m */,
				DCBAA4941CCCE90A008B1550 /* Controllers */,
				DCBAA48B1CCCE7B5008B1550 /* Models */,
				DC06151F1CC97F8100FF9D0B /* Libs */,
				DC147EA51CC97E3900AE1CFE /* Assets.xcassets */,
				DC147EA71CC97E3900AE1CFE /* Main.storyboard */,
				DC147EAA1CC97E3900AE1CFE /* Info.plist */,
				DC147E9F1CC97E3900AE1CFE /* Supporting Files */,
			);
			path = Cassette;
			sourceTree = "<group>";
		};
		DC147E9F1CC97E3900AE1CFE /* Supporting Files */ = {
			isa = PBXGroup;
			children = (
				DC147EA01CC97E3900AE1CFE /* main.m */,
			);
			name = "Supporting Files";
			sourceTree = "<group>";
		};
		DC57A23C1CCD32410012718A /* Searching */ = {
			isa = PBXGroup;
			children = (
				DC57A23D1CCD325C0012718A /* CSTSearchSetup.h */,
				DC57A23E1CCD325C0012718A /* CSTSearchSetup.m */,
			);
			name = Searching;
			sourceTree = "<group>";
		};
		DC57A2401CCD46520012718A /* Tags Explorer */ = {
			isa = PBXGroup;
			children = (
				DCD8AB1D1CCEBCFB000B0A40 /* CSTTagsExplorerController.h */,
				DCD8AB1E1CCEBCFB000B0A40 /* CSTTagsExplorerController.m */,
			);
			name = "Tags Explorer";
			sourceTree = "<group>";
		};
		DC8730AC1D13552E001A0A10 /* CassetteTest */ = {
			isa = PBXGroup;
			children = (
				DC8730AF1D13552E001A0A10 /* Info.plist */,
				DC8730F01D13594C001A0A10 /* ViewControllerTest.m */,
				DCD70DD71D19EDE200D0F069 /* MixesControllerTest.m */,
				DCCBEF151D1B158B00091702 /* MixExplorerControllerTest.m */,
				DCF4B47D1D1C8224006E2B58 /* TagsExplorerControllerTest.m */,
				DCF4B47F1D1C88FF006E2B58 /* UserInteractionControllerTest.m */,
			);
			path = CassetteTest;
			sourceTree = "<group>";
		};
		DCA2DAAD1CD2AD740091045B /* Searching */ = {
			isa = PBXGroup;
			children = (
				DC2958F81CFF77570014C839 /* CSTSearchingController.h */,
				DC2958F91CFF77570014C839 /* CSTSearchingController.m */,
			);
			name = Searching;
			sourceTree = "<group>";
		};
		DCBAA48B1CCCE7B5008B1550 /* Models */ = {
			isa = PBXGroup;
			children = (
				DCE539021D1315FE0099281E /* Parent Model */,
				DC05649D1CD01EB300C19BFF /* Collections */,
				DC0564991CD0189E00C19BFF /* Users */,
				DCD8AB201CCEBEAA000B0A40 /* Tags */,
				DC57A23C1CCD32410012718A /* Searching */,
				DCBAA4BB1CCD1517008B1550 /* Tracks */,
				DCBAA48C1CCCE7E5008B1550 /* Mixes */,
			);
			name = Models;
			sourceTree = "<group>";
		};
		DCBAA48C1CCCE7E5008B1550 /* Mixes */ = {
			isa = PBXGroup;
			children = (
				DCBAA4911CCCE8B0008B1550 /* CSTBaseMix.h */,
				DCBAA4921CCCE8B0008B1550 /* CSTBaseMix.m */,
			);
			name = Mixes;
			sourceTree = "<group>";
		};
		DCBAA4941CCCE90A008B1550 /* Controllers */ = {
			isa = PBXGroup;
			children = (
				DCBAA49F1CCCF475008B1550 /* Parent Controller */,
				DCA2DAAD1CD2AD740091045B /* Searching */,
				DC142E011CD139150026FDE2 /* Collections */,
				DC0564921CD000B000C19BFF /* Users */,
				DCBAA4B21CCD07C9008B1550 /* Mix Player */,
				DCBAA4991CCCEA96008B1550 /* Mixes */,
			);
			name = Controllers;
			sourceTree = "<group>";
		};
		DCBAA4951CCCE989008B1550 /* 8tracks API */ = {
			isa = PBXGroup;
			children = (
				DCBAA4961CCCE9D4008B1550 /* EightTracksAPI.h */,
				DCBAA4971CCCE9D4008B1550 /* EightTracksAPI.m */,
			);
			name = "8tracks API";
			sourceTree = "<group>";
		};
		DCBAA4991CCCEA96008B1550 /* Mixes */ = {
			isa = PBXGroup;
			children = (
				DCBAA4AB1CCD0316008B1550 /* CSTMixController.h */,
				DCBAA4AC1CCD0316008B1550 /* CSTMixController.m */,
				DC57A2401CCD46520012718A /* Tags Explorer */,
				DCBAA49B1CCCEAA8008B1550 /* Mix Explorer */,
			);
			name = Mixes;
			sourceTree = "<group>";
		};
		DCBAA49B1CCCEAA8008B1550 /* Mix Explorer */ = {
			isa = PBXGroup;
			children = (
				DCBAA4A61CCCF607008B1550 /* CSTMixExplorerController.h */,
				DCBAA4A71CCCF607008B1550 /* CSTMixExplorerController.m */,
			);
			name = "Mix Explorer";
			sourceTree = "<group>";
		};
		DCBAA49F1CCCF475008B1550 /* Parent Controller */ = {
			isa = PBXGroup;
			children = (
				DCBAA4A01CCCF4A0008B1550 /* CSTParentController.h */,
				DCBAA4A11CCCF4A0008B1550 /* CSTParentController.m */,
			);
			name = "Parent Controller";
			sourceTree = "<group>";
		};
		DCBAA4B21CCD07C9008B1550 /* Mix Player */ = {
			isa = PBXGroup;
			children = (
				DCBAA4B61CCD081B008B1550 /* CSTMixPlayer.h */,
				DCBAA4B71CCD081B008B1550 /* CSTMixPlayer.m */,
			);
			name = "Mix Player";
			sourceTree = "<group>";
		};
		DCBAA4BB1CCD1517008B1550 /* Tracks */ = {
			isa = PBXGroup;
			children = (
				DCBAA4BC1CCD1527008B1550 /* CSTTrack.h */,
				DCBAA4BD1CCD1527008B1550 /* CSTTrack.m */,
			);
			name = Tracks;
			sourceTree = "<group>";
		};
		DCD8AB201CCEBEAA000B0A40 /* Tags */ = {
			isa = PBXGroup;
			children = (
				DCD8AB211CCEBEC3000B0A40 /* CSTTag.h */,
				DCD8AB221CCEBEC3000B0A40 /* CSTTag.m */,
			);
			name = Tags;
			sourceTree = "<group>";
		};
		DCE539021D1315FE0099281E /* Parent Model */ = {
			isa = PBXGroup;
			children = (
				DCE539031D13162B0099281E /* CSTParentModel.h */,
				DCE539041D13162B0099281E /* CSTParentModel.m */,
			);
			name = "Parent Model";
			sourceTree = "<group>";
		};
		E20E66496E40BAA04CF01588 /* Frameworks */ = {
			isa = PBXGroup;
			children = (
				DC8730B81D13577E001A0A10 /* libAFNetworking.a */,
				DC8730B61D135749001A0A10 /* AVFoundation.framework */,
				DCBAA4B91CCD0CFB008B1550 /* AVFoundation.framework */,
				FAFF93B1418196C1B74088C3 /* libPods-Cassette.a */,
				26AD5DB2061D324CFB7493AD /* libPods-CassetteTest.a */,
			);
			name = Frameworks;
			sourceTree = "<group>";
		};
/* End PBXGroup section */

/* Begin PBXNativeTarget section */
		DC147E981CC97E3900AE1CFE /* Cassette */ = {
			isa = PBXNativeTarget;
			buildConfigurationList = DC147EAD1CC97E3900AE1CFE /* Build configuration list for PBXNativeTarget "Cassette" */;
			buildPhases = (
				C1D54A027A102AC58BC7B5FA /* Check Pods Manifest.lock */,
				DC147E951CC97E3900AE1CFE /* Sources */,
				DC147E961CC97E3900AE1CFE /* Frameworks */,
				DC147E971CC97E3900AE1CFE /* Resources */,
				A0F3AB503A710B595B8F6175 /* Embed Pods Frameworks */,
				5AB76E752F0C5C9782CA56EA /* Copy Pods Resources */,
			);
			buildRules = (
			);
			dependencies = (
			);
			name = Cassette;
			productName = Cassette;
			productReference = DC147E991CC97E3900AE1CFE /* Cassette.app */;
			productType = "com.apple.product-type.application";
		};
		DC8730AA1D13552D001A0A10 /* CassetteTest */ = {
			isa = PBXNativeTarget;
			buildConfigurationList = DC8730B01D13552E001A0A10 /* Build configuration list for PBXNativeTarget "CassetteTest" */;
			buildPhases = (
				3FDBF463E02B1B75C1F48E94 /* Check Pods Manifest.lock */,
				DC8730A71D13552D001A0A10 /* Sources */,
				DC8730A81D13552D001A0A10 /* Frameworks */,
				DC8730A91D13552D001A0A10 /* Resources */,
				01EFF8FD9C4BE1C00812EC51 /* Embed Pods Frameworks */,
				DF4641D22898545D868739CA /* Copy Pods Resources */,
			);
			buildRules = (
			);
			dependencies = (
				DC8730B41D135533001A0A10 /* PBXTargetDependency */,
			);
			name = CassetteTest;
			productName = CassetteTest;
			productReference = DC8730AB1D13552D001A0A10 /* CassetteTest.xctest */;
			productType = "com.apple.product-type.bundle.unit-test";
		};
/* End PBXNativeTarget section */

/* Begin PBXProject section */
		DC147E911CC97E3900AE1CFE /* Project object */ = {
			isa = PBXProject;
			attributes = {
				LastUpgradeCheck = 0720;
				ORGANIZATIONNAME = "Stephen Hatton";
				TargetAttributes = {
					DC147E981CC97E3900AE1CFE = {
						CreatedOnToolsVersion = 7.2.1;
					};
					DC8730AA1D13552D001A0A10 = {
						CreatedOnToolsVersion = 7.2.1;
						DevelopmentTeam = Q7UTZ9L6EV;
					};
				};
			};
			buildConfigurationList = DC147E941CC97E3900AE1CFE /* Build configuration list for PBXProject "Cassette" */;
			compatibilityVersion = "Xcode 3.2";
			developmentRegion = English;
			hasScannedForEncodings = 0;
			knownRegions = (
				en,
				Base,
			);
			mainGroup = DC147E901CC97E3900AE1CFE;
			productRefGroup = DC147E9A1CC97E3900AE1CFE /* Products */;
			projectDirPath = "";
			projectRoot = "";
			targets = (
				DC147E981CC97E3900AE1CFE /* Cassette */,
				DC8730AA1D13552D001A0A10 /* CassetteTest */,
			);
		};
/* End PBXProject section */

/* Begin PBXResourcesBuildPhase section */
		DC147E971CC97E3900AE1CFE /* Resources */ = {
			isa = PBXResourcesBuildPhase;
			buildActionMask = 2147483647;
			files = (
				DC147EA61CC97E3900AE1CFE /* Assets.xcassets in Resources */,
				DC147EA91CC97E3900AE1CFE /* Main.storyboard in Resources */,
			);
			runOnlyForDeploymentPostprocessing = 0;
		};
		DC8730A91D13552D001A0A10 /* Resources */ = {
			isa = PBXResourcesBuildPhase;
			buildActionMask = 2147483647;
			files = (
			);
			runOnlyForDeploymentPostprocessing = 0;
		};
/* End PBXResourcesBuildPhase section */

/* Begin PBXShellScriptBuildPhase section */
		01EFF8FD9C4BE1C00812EC51 /* Embed Pods Frameworks */ = {
			isa = PBXShellScriptBuildPhase;
			buildActionMask = 2147483647;
			files = (
			);
			inputPaths = (
			);
			name = "Embed Pods Frameworks";
			outputPaths = (
			);
			runOnlyForDeploymentPostprocessing = 0;
			shellPath = /bin/sh;
			shellScript = "\"${SRCROOT}/Pods/Target Support Files/Pods-CassetteTest/Pods-CassetteTest-frameworks.sh\"\n";
			showEnvVarsInLog = 0;
		};
		3FDBF463E02B1B75C1F48E94 /* Check Pods Manifest.lock */ = {
			isa = PBXShellScriptBuildPhase;
			buildActionMask = 2147483647;
			files = (
			);
			inputPaths = (
			);
			name = "Check Pods Manifest.lock";
			outputPaths = (
			);
			runOnlyForDeploymentPostprocessing = 0;
			shellPath = /bin/sh;
			shellScript = "diff \"${PODS_ROOT}/../Podfile.lock\" \"${PODS_ROOT}/Manifest.lock\" > /dev/null\nif [[ $? != 0 ]] ; then\n    cat << EOM\nerror: The sandbox is not in sync with the Podfile.lock. Run 'pod install' or update your CocoaPods installation.\nEOM\n    exit 1\nfi\n";
			showEnvVarsInLog = 0;
		};
		5AB76E752F0C5C9782CA56EA /* Copy Pods Resources */ = {
			isa = PBXShellScriptBuildPhase;
			buildActionMask = 2147483647;
			files = (
			);
			inputPaths = (
			);
			name = "Copy Pods Resources";
			outputPaths = (
			);
			runOnlyForDeploymentPostprocessing = 0;
			shellPath = /bin/sh;
			shellScript = "\"${SRCROOT}/Pods/Target Support Files/Pods-Cassette/Pods-Cassette-resources.sh\"\n";
			showEnvVarsInLog = 0;
		};
		A0F3AB503A710B595B8F6175 /* Embed Pods Frameworks */ = {
			isa = PBXShellScriptBuildPhase;
			buildActionMask = 2147483647;
			files = (
			);
			inputPaths = (
			);
			name = "Embed Pods Frameworks";
			outputPaths = (
			);
			runOnlyForDeploymentPostprocessing = 0;
			shellPath = /bin/sh;
			shellScript = "\"${SRCROOT}/Pods/Target Support Files/Pods-Cassette/Pods-Cassette-frameworks.sh\"\n";
			showEnvVarsInLog = 0;
		};
		C1D54A027A102AC58BC7B5FA /* Check Pods Manifest.lock */ = {
			isa = PBXShellScriptBuildPhase;
			buildActionMask = 2147483647;
			files = (
			);
			inputPaths = (
			);
			name = "Check Pods Manifest.lock";
			outputPaths = (
			);
			runOnlyForDeploymentPostprocessing = 0;
			shellPath = /bin/sh;
			shellScript = "diff \"${PODS_ROOT}/../Podfile.lock\" \"${PODS_ROOT}/Manifest.lock\" > /dev/null\nif [[ $? != 0 ]] ; then\n    cat << EOM\nerror: The sandbox is not in sync with the Podfile.lock. Run 'pod install' or update your CocoaPods installation.\nEOM\n    exit 1\nfi\n";
			showEnvVarsInLog = 0;
		};
		DF4641D22898545D868739CA /* Copy Pods Resources */ = {
			isa = PBXShellScriptBuildPhase;
			buildActionMask = 2147483647;
			files = (
			);
			inputPaths = (
			);
			name = "Copy Pods Resources";
			outputPaths = (
			);
			runOnlyForDeploymentPostprocessing = 0;
			shellPath = /bin/sh;
			shellScript = "\"${SRCROOT}/Pods/Target Support Files/Pods-CassetteTest/Pods-CassetteTest-resources.sh\"\n";
			showEnvVarsInLog = 0;
		};
/* End PBXShellScriptBuildPhase section */

/* Begin PBXSourcesBuildPhase section */
		DC147E951CC97E3900AE1CFE /* Sources */ = {
			isa = PBXSourcesBuildPhase;
			buildActionMask = 2147483647;
			files = (
				DC05649C1CD018B000C19BFF /* CSTUser.m in Sources */,
				DCD8AB1F1CCEBCFB000B0A40 /* CSTTagsExplorerController.m in Sources */,
				DCBAA4A21CCCF4A0008B1550 /* CSTParentController.m in Sources */,
				DCD8AB231CCEBEC3000B0A40 /* CSTTag.m in Sources */,
				DC0564A01CD01ECC00C19BFF /* CSTCollection.m in Sources */,
				DC2958FA1CFF77570014C839 /* CSTSearchingController.m in Sources */,
				DCBAA4981CCCE9D4008B1550 /* EightTracksAPI.m in Sources */,
				DC0615271CC97FA300FF9D0B /* NSObject+DavidJSON.m in Sources */,
				DC147EA41CC97E3900AE1CFE /* ViewController.m in Sources */,
				DCE539051D13162B0099281E /* CSTParentModel.m in Sources */,
				DC57A23F1CCD325C0012718A /* CSTSearchSetup.m in Sources */,
				DC142E041CD139310026FDE2 /* CSTCollectionsController.m in Sources */,
				DC147EA11CC97E3900AE1CFE /* main.m in Sources */,
				DCBAA4A81CCCF607008B1550 /* CSTMixExplorerController.m in Sources */,
				DCBAA4BE1CCD1527008B1550 /* CSTTrack.m in Sources */,
				DCBAA4B81CCD081B008B1550 /* CSTMixPlayer.m in Sources */,
				DC147E9E1CC97E3900AE1CFE /* AppDelegate.m in Sources */,
				DCBAA4931CCCE8B0008B1550 /* CSTBaseMix.m in Sources */,
				DC06152B1CC9801400FF9D0B /* Shuttle.m in Sources */,
				DCBAA4AD1CCD0316008B1550 /* CSTMixController.m in Sources */,
				DC0564981CD0156700C19BFF /* CSTUsersController.m in Sources */,
			);
			runOnlyForDeploymentPostprocessing = 0;
		};
		DC8730A71D13552D001A0A10 /* Sources */ = {
			isa = PBXSourcesBuildPhase;
			buildActionMask = 2147483647;
			files = (
				DC8730BA1D1358A1001A0A10 /* AppDelegate.h in Sources */,
				DC8730BB1D1358A2001A0A10 /* AppDelegate.m in Sources */,
				DC8730BC1D1358A2001A0A10 /* ViewController.h in Sources */,
				DC8730BD1D1358A2001A0A10 /* ViewController.m in Sources */,
				DCCBEF161D1B158B00091702 /* MixExplorerControllerTest.m in Sources */,
				DCD70DD81D19EDE200D0F069 /* MixesControllerTest.m in Sources */,
				DC8730BE1D1358A2001A0A10 /* CSTParentController.h in Sources */,
				DC8730BF1D1358A2001A0A10 /* CSTParentController.m in Sources */,
				DC8730C01D1358A2001A0A10 /* CSTSearchingController.h in Sources */,
				DC8730C11D1358A2001A0A10 /* CSTSearchingController.m in Sources */,
				DC8730C21D1358A2001A0A10 /* CSTCollectionsController.h in Sources */,
				DC8730F11D13594C001A0A10 /* ViewControllerTest.m in Sources */,
				DC8730C31D1358A2001A0A10 /* CSTCollectionsController.m in Sources */,
				DC8730C41D1358A2001A0A10 /* CSTUsersController.h in Sources */,
				DC8730C51D1358A2001A0A10 /* CSTUsersController.m in Sources */,
				DC8730C61D1358A2001A0A10 /* CSTMixPlayer.h in Sources */,
				DC8730C71D1358A2001A0A10 /* CSTMixPlayer.m in Sources */,
				DC8730C81D1358A2001A0A10 /* CSTMixController.h in Sources */,
				DC8730C91D1358A2001A0A10 /* CSTMixController.m in Sources */,
				DC8730CA1D1358A2001A0A10 /* CSTTagsExplorerController.h in Sources */,
				DC8730CB1D1358A2001A0A10 /* CSTTagsExplorerController.m in Sources */,
				DC8730CC1D1358A2001A0A10 /* CSTMixExplorerController.h in Sources */,
				DC8730CD1D1358A2001A0A10 /* CSTMixExplorerController.m in Sources */,
				DC8730CE1D1358A2001A0A10 /* CSTParentModel.h in Sources */,
				DC8730CF1D1358A2001A0A10 /* CSTParentModel.m in Sources */,
				DC8730D01D1358A2001A0A10 /* CSTCollection.h in Sources */,
				DC8730D11D1358A2001A0A10 /* CSTCollection.m in Sources */,
				DCF4B47E1D1C8224006E2B58 /* TagsExplorerControllerTest.m in Sources */,
				DC8730D21D1358A2001A0A10 /* CSTUser.h in Sources */,
				DC8730D31D1358A2001A0A10 /* CSTUser.m in Sources */,
				DC8730D41D1358A2001A0A10 /* CSTTag.h in Sources */,
				DC8730D51D1358A2001A0A10 /* CSTTag.m in Sources */,
				DC8730D61D1358A2001A0A10 /* CSTSearchSetup.h in Sources */,
				DC8730D71D1358A2001A0A10 /* CSTSearchSetup.m in Sources */,
				DC8730D81D1358A2001A0A10 /* CSTTrack.h in Sources */,
				DC8730D91D1358A2001A0A10 /* CSTTrack.m in Sources */,
				DC8730DA1D1358A2001A0A10 /* CSTBaseMix.h in Sources */,
				DC8730DB1D1358A2001A0A10 /* CSTBaseMix.m in Sources */,
				DC8730DC1D1358A2001A0A10 /* EightTracksAPI.h in Sources */,
				DC8730DD1D1358A2001A0A10 /* EightTracksAPI.m in Sources */,
				DC8730DE1D1358A2001A0A10 /* Shuttle.h in Sources */,
				DC8730DF1D1358A2001A0A10 /* Shuttle.m in Sources */,
				DC8730E01D1358A2001A0A10 /* NSObject+DavidJSON.h in Sources */,
				DC8730E11D1358A2001A0A10 /* NSObject+DavidJSON.m in Sources */,
				DC8730E21D1358A2001A0A10 /* Assets.xcassets in Sources */,
				DC8730E31D1358A2001A0A10 /* Info.plist in Sources */,
				DC8730E41D1358A2001A0A10 /* main.m in Sources */,
				DCF4B4801D1C88FF006E2B58 /* UserInteractionControllerTest.m in Sources */,
				DC8730E51D1358A2001A0A10 /* Info.plist in Sources */,
				DC8730E61D1358A2001A0A10 /* Cassette.app in Sources */,
				DC8730E71D1358A2001A0A10 /* CassetteTest.xctest in Sources */,
				DC8730E81D1358A2001A0A10 /* Pods-Cassette.debug.xcconfig in Sources */,
				DC8730E91D1358A2001A0A10 /* Pods-Cassette.release.xcconfig in Sources */,
				DC8730EA1D1358A2001A0A10 /* libAFNetworking.a in Sources */,
				DC8730EB1D1358A2001A0A10 /* AVFoundation.framework in Sources */,
				DC8730EC1D1358A2001A0A10 /* AVFoundation.framework in Sources */,
				DC8730ED1D1358A2001A0A10 /* libPods-Cassette.a in Sources */,
			);
			runOnlyForDeploymentPostprocessing = 0;
		};
/* End PBXSourcesBuildPhase section */

/* Begin PBXTargetDependency section */
		DC8730B41D135533001A0A10 /* PBXTargetDependency */ = {
			isa = PBXTargetDependency;
			target = DC147E981CC97E3900AE1CFE /* Cassette */;
			targetProxy = DC8730B31D135533001A0A10 /* PBXContainerItemProxy */;
		};
/* End PBXTargetDependency section */

/* Begin PBXVariantGroup section */
		DC147EA71CC97E3900AE1CFE /* Main.storyboard */ = {
			isa = PBXVariantGroup;
			children = (
				DC147EA81CC97E3900AE1CFE /* Base */,
			);
			name = Main.storyboard;
			sourceTree = "<group>";
		};
/* End PBXVariantGroup section */

/* Begin XCBuildConfiguration section */
		DC147EAB1CC97E3900AE1CFE /* Debug */ = {
			isa = XCBuildConfiguration;
			buildSettings = {
				ALWAYS_SEARCH_USER_PATHS = NO;
				CLANG_CXX_LANGUAGE_STANDARD = "gnu++0x";
				CLANG_CXX_LIBRARY = "libc++";
				CLANG_ENABLE_MODULES = YES;
				CLANG_ENABLE_OBJC_ARC = YES;
				CLANG_WARN_BOOL_CONVERSION = YES;
				CLANG_WARN_CONSTANT_CONVERSION = YES;
				CLANG_WARN_DIRECT_OBJC_ISA_USAGE = YES_ERROR;
				CLANG_WARN_EMPTY_BODY = YES;
				CLANG_WARN_ENUM_CONVERSION = YES;
				CLANG_WARN_INT_CONVERSION = YES;
				CLANG_WARN_OBJC_ROOT_CLASS = YES_ERROR;
				CLANG_WARN_UNREACHABLE_CODE = YES;
				CLANG_WARN__DUPLICATE_METHOD_MATCH = YES;
				CODE_SIGN_IDENTITY = "-";
				COPY_PHASE_STRIP = NO;
				DEBUG_INFORMATION_FORMAT = dwarf;
				ENABLE_STRICT_OBJC_MSGSEND = YES;
				ENABLE_TESTABILITY = YES;
				GCC_C_LANGUAGE_STANDARD = gnu99;
				GCC_DYNAMIC_NO_PIC = NO;
				GCC_NO_COMMON_BLOCKS = YES;
				GCC_OPTIMIZATION_LEVEL = 0;
				GCC_PREPROCESSOR_DEFINITIONS = (
					"DEBUG=1",
					"$(inherited)",
				);
				GCC_WARN_64_TO_32_BIT_CONVERSION = YES;
				GCC_WARN_ABOUT_RETURN_TYPE = YES_ERROR;
				GCC_WARN_UNDECLARED_SELECTOR = YES;
				GCC_WARN_UNINITIALIZED_AUTOS = YES_AGGRESSIVE;
				GCC_WARN_UNUSED_FUNCTION = YES;
				GCC_WARN_UNUSED_VARIABLE = YES;
				MACOSX_DEPLOYMENT_TARGET = 10.11;
				MTL_ENABLE_DEBUG_INFO = YES;
				ONLY_ACTIVE_ARCH = YES;
				SDKROOT = macosx;
			};
			name = Debug;
		};
		DC147EAC1CC97E3900AE1CFE /* Release */ = {
			isa = XCBuildConfiguration;
			buildSettings = {
				ALWAYS_SEARCH_USER_PATHS = NO;
				CLANG_CXX_LANGUAGE_STANDARD = "gnu++0x";
				CLANG_CXX_LIBRARY = "libc++";
				CLANG_ENABLE_MODULES = YES;
				CLANG_ENABLE_OBJC_ARC = YES;
				CLANG_WARN_BOOL_CONVERSION = YES;
				CLANG_WARN_CONSTANT_CONVERSION = YES;
				CLANG_WARN_DIRECT_OBJC_ISA_USAGE = YES_ERROR;
				CLANG_WARN_EMPTY_BODY = YES;
				CLANG_WARN_ENUM_CONVERSION = YES;
				CLANG_WARN_INT_CONVERSION = YES;
				CLANG_WARN_OBJC_ROOT_CLASS = YES_ERROR;
				CLANG_WARN_UNREACHABLE_CODE = YES;
				CLANG_WARN__DUPLICATE_METHOD_MATCH = YES;
				CODE_SIGN_IDENTITY = "-";
				COPY_PHASE_STRIP = NO;
				DEBUG_INFORMATION_FORMAT = "dwarf-with-dsym";
				ENABLE_NS_ASSERTIONS = NO;
				ENABLE_STRICT_OBJC_MSGSEND = YES;
				GCC_C_LANGUAGE_STANDARD = gnu99;
				GCC_NO_COMMON_BLOCKS = YES;
				GCC_WARN_64_TO_32_BIT_CONVERSION = YES;
				GCC_WARN_ABOUT_RETURN_TYPE = YES_ERROR;
				GCC_WARN_UNDECLARED_SELECTOR = YES;
				GCC_WARN_UNINITIALIZED_AUTOS = YES_AGGRESSIVE;
				GCC_WARN_UNUSED_FUNCTION = YES;
				GCC_WARN_UNUSED_VARIABLE = YES;
				MACOSX_DEPLOYMENT_TARGET = 10.11;
				MTL_ENABLE_DEBUG_INFO = NO;
				SDKROOT = macosx;
			};
			name = Release;
		};
		DC147EAE1CC97E3900AE1CFE /* Debug */ = {
			isa = XCBuildConfiguration;
			baseConfigurationReference = 7CC9916039D46A7BDCA303BF /* Pods-Cassette.debug.xcconfig */;
			buildSettings = {
				ASSETCATALOG_COMPILER_APPICON_NAME = AppIcon;
				COMBINE_HIDPI_IMAGES = YES;
				INFOPLIST_FILE = Cassette/Info.plist;
				LD_RUNPATH_SEARCH_PATHS = "$(inherited) @executable_path/../Frameworks";
				PRODUCT_BUNDLE_IDENTIFIER = StephenHatton.Cassette;
				PRODUCT_NAME = "$(TARGET_NAME)";
			};
			name = Debug;
		};
		DC147EAF1CC97E3900AE1CFE /* Release */ = {
			isa = XCBuildConfiguration;
			baseConfigurationReference = B9388F6F32EEDC0C8199B1B3 /* Pods-Cassette.release.xcconfig */;
			buildSettings = {
				ASSETCATALOG_COMPILER_APPICON_NAME = AppIcon;
				COMBINE_HIDPI_IMAGES = YES;
				INFOPLIST_FILE = Cassette/Info.plist;
				LD_RUNPATH_SEARCH_PATHS = "$(inherited) @executable_path/../Frameworks";
				PRODUCT_BUNDLE_IDENTIFIER = StephenHatton.Cassette;
				PRODUCT_NAME = "$(TARGET_NAME)";
			};
			name = Release;
		};
		DC8730B11D13552E001A0A10 /* Debug */ = {
			isa = XCBuildConfiguration;
			baseConfigurationReference = 7CC9916039D46A7BDCA303BF /* Pods-Cassette.debug.xcconfig */;
			buildSettings = {
				"CODE_SIGN_IDENTITY[sdk=iphoneos*]" = "iPhone Developer";
				INFOPLIST_FILE = CassetteTest/Info.plist;
				IPHONEOS_DEPLOYMENT_TARGET = 9.2;
				LD_RUNPATH_SEARCH_PATHS = "$(inherited) @executable_path/Frameworks @loader_path/Frameworks";
				PRODUCT_BUNDLE_IDENTIFIER = StephenHatton.CassetteTest;
				PRODUCT_NAME = "$(TARGET_NAME)";
				SDKROOT = macosx10.11;
			};
			name = Debug;
		};
		DC8730B21D13552E001A0A10 /* Release */ = {
			isa = XCBuildConfiguration;
			baseConfigurationReference = B9388F6F32EEDC0C8199B1B3 /* Pods-Cassette.release.xcconfig */;
			buildSettings = {
				"CODE_SIGN_IDENTITY[sdk=iphoneos*]" = "iPhone Developer";
				INFOPLIST_FILE = CassetteTest/Info.plist;
				IPHONEOS_DEPLOYMENT_TARGET = 9.2;
				LD_RUNPATH_SEARCH_PATHS = "$(inherited) @executable_path/Frameworks @loader_path/Frameworks";
				PRODUCT_BUNDLE_IDENTIFIER = StephenHatton.CassetteTest;
				PRODUCT_NAME = "$(TARGET_NAME)";
				SDKROOT = macosx10.11;
				VALIDATE_PRODUCT = YES;
			};
			name = Release;
		};
/* End XCBuildConfiguration section */

/* Begin XCConfigurationList section */
		DC147E941CC97E3900AE1CFE /* Build configuration list for PBXProject "Cassette" */ = {
			isa = XCConfigurationList;
			buildConfigurations = (
				DC147EAB1CC97E3900AE1CFE /* Debug */,
				DC147EAC1CC97E3900AE1CFE /* Release */,
			);
			defaultConfigurationIsVisible = 0;
			defaultConfigurationName = Release;
		};
		DC147EAD1CC97E3900AE1CFE /* Build configuration list for PBXNativeTarget "Cassette" */ = {
			isa = XCConfigurationList;
			buildConfigurations = (
				DC147EAE1CC97E3900AE1CFE /* Debug */,
				DC147EAF1CC97E3900AE1CFE /* Release */,
			);
			defaultConfigurationIsVisible = 0;
			defaultConfigurationName = Release;
		};
		DC8730B01D13552E001A0A10 /* Build configuration list for PBXNativeTarget "CassetteTest" */ = {
			isa = XCConfigurationList;
			buildConfigurations = (
				DC8730B11D13552E001A0A10 /* Debug */,
				DC8730B21D13552E001A0A10 /* Release */,
			);
			defaultConfigurationIsVisible = 0;
			defaultConfigurationName = Release;
		};
/* End XCConfigurationList section */
	};
	rootObject = DC147E911CC97E3900AE1CFE /* Project object */;
}
